
Microsoft Visual Studio Solution File, Format Version 12.00
# Visual Studio Version 17
VisualStudioVersion = 17.3.32922.545
MinimumVisualStudioVersion = 10.0.40219.1
Project("{FAE04EC0-301F-11D3-BF4B-00C04F79EFBC}") = "WebApplication2", "WebApplication2\WebApplication2.csproj", "{7E31C30F-C58E-42CD-B8EC-746941E76D0C}"
EndProject
Global
	GlobalSection(SolutionConfigurationPlatforms) = preSolution
		Debug|Any CPU = Debug|Any CPU
		Release|Any CPU = Release|Any CPU
	EndGlobalSection
	GlobalSection(ProjectConfigurationPlatforms) = postSolution
		{7E31C30F-C58E-42CD-B8EC-746941E76D0C}.Debug|Any CPU.ActiveCfg = Debug|Any CPU
		{7E31C30F-C58E-42CD-B8EC-746941E76D0C}.Debug|Any CPU.Build.0 = Debug|Any CPU
		{7E31C30F-C58E-42CD-B8EC-746941E76D0C}.Release|Any CPU.ActiveCfg = Release|Any CPU
		{7E31C30F-C58E-42CD-B8EC-746941E76D0C}.Release|Any CPU.Build.0 = Release|Any CPU
	EndGlobalSection
	GlobalSection(SolutionProperties) = preSolution
		HideSolutionNode = FALSE
	EndGlobalSection
	GlobalSection(ExtensibilityGlobals) = postSolution
		SolutionGuid = {0424B61F-E932-4527-9C17-DF5DC5D51544}
	EndGlobalSection
EndGlobal
